
Microsoft Visual Studio Solution File, Format Version 12.00
# Visual Studio Version 16
VisualStudioVersion = 16.0.30717.126
MinimumVisualStudioVersion = 10.0.40219.1
Project("{FAE04EC0-301F-11D3-BF4B-00C04F79EFBC}") = "Atomic.Pathfinding.Core", "Atomic.Pathfinding.Core\Atomic.Pathfinding.Core.csproj", "{1A4C26BE-9161-4268-AF8D-3D530E9651BE}"
EndProject
Project("{FAE04EC0-301F-11D3-BF4B-00C04F79EFBC}") = "Atomic.Pathfinding.Tests", "Atomic.Pathfinding.Tests\Atomic.Pathfinding.Tests.csproj", "{031BC72C-D093-4D66-8EF4-0A414D336ACA}"
EndProject
Project("{FAE04EC0-301F-11D3-BF4B-00C04F79EFBC}") = "Atomic.Pathfinding.Benchmark", "Atomic.Pathfinding.Benchmark\Atomic.Pathfinding.Benchmark.csproj", "{2078824F-2ABE-46E3-AB2C-9255E3FF834E}"
EndProject
Project("{FAE04EC0-301F-11D3-BF4B-00C04F79EFBC}") = "Atomic.Pathfinding.Tools", "Atomic.Pathfinding.Tools\Atomic.Pathfinding.Tools.csproj", "{4BB182C3-A19C-41DC-9A1B-BAA15B233986}"
EndProject
Global
	GlobalSection(SolutionConfigurationPlatforms) = preSolution
		Debug|Any CPU = Debug|Any CPU
		Debug|x64 = Debug|x64
		Debug|x86 = Debug|x86
		Release|Any CPU = Release|Any CPU
		Release|x64 = Release|x64
		Release|x86 = Release|x86
	EndGlobalSection
	GlobalSection(ProjectConfigurationPlatforms) = postSolution
		{1A4C26BE-9161-4268-AF8D-3D530E9651BE}.Debug|Any CPU.ActiveCfg = Debug|Any CPU
		{1A4C26BE-9161-4268-AF8D-3D530E9651BE}.Debug|Any CPU.Build.0 = Debug|Any CPU
		{1A4C26BE-9161-4268-AF8D-3D530E9651BE}.Debug|x64.ActiveCfg = Debug|Any CPU
		{1A4C26BE-9161-4268-AF8D-3D530E9651BE}.Debug|x64.Build.0 = Debug|Any CPU
		{1A4C26BE-9161-4268-AF8D-3D530E9651BE}.Debug|x86.ActiveCfg = Debug|Any CPU
		{1A4C26BE-9161-4268-AF8D-3D530E9651BE}.Debug|x86.Build.0 = Debug|Any CPU
		{1A4C26BE-9161-4268-AF8D-3D530E9651BE}.Release|Any CPU.ActiveCfg = Release|Any CPU
		{1A4C26BE-9161-4268-AF8D-3D530E9651BE}.Release|Any CPU.Build.0 = Release|Any CPU
		{1A4C26BE-9161-4268-AF8D-3D530E9651BE}.Release|x64.ActiveCfg = Release|Any CPU
		{1A4C26BE-9161-4268-AF8D-3D530E9651BE}.Release|x64.Build.0 = Release|Any CPU
		{1A4C26BE-9161-4268-AF8D-3D530E9651BE}.Release|x86.ActiveCfg = Release|Any CPU
		{1A4C26BE-9161-4268-AF8D-3D530E9651BE}.Release|x86.Build.0 = Release|Any CPU
		{031BC72C-D093-4D66-8EF4-0A414D336ACA}.Debug|Any CPU.ActiveCfg = Debug|Any CPU
		{031BC72C-D093-4D66-8EF4-0A414D336ACA}.Debug|Any CPU.Build.0 = Debug|Any CPU
		{031BC72C-D093-4D66-8EF4-0A414D336ACA}.Debug|x64.ActiveCfg = Debug|Any CPU
		{031BC72C-D093-4D66-8EF4-0A414D336ACA}.Debug|x64.Build.0 = Debug|Any CPU
		{031BC72C-D093-4D66-8EF4-0A414D336ACA}.Debug|x86.ActiveCfg = Debug|Any CPU
		{031BC72C-D093-4D66-8EF4-0A414D336ACA}.Debug|x86.Build.0 = Debug|Any CPU
		{031BC72C-D093-4D66-8EF4-0A414D336ACA}.Release|Any CPU.ActiveCfg = Release|Any CPU
		{031BC72C-D093-4D66-8EF4-0A414D336ACA}.Release|Any CPU.Build.0 = Release|Any CPU
		{031BC72C-D093-4D66-8EF4-0A414D336ACA}.Release|x64.ActiveCfg = Release|Any CPU
		{031BC72C-D093-4D66-8EF4-0A414D336ACA}.Release|x64.Build.0 = Release|Any CPU
		{031BC72C-D093-4D66-8EF4-0A414D336ACA}.Release|x86.ActiveCfg = Release|Any CPU
		{031BC72C-D093-4D66-8EF4-0A414D336ACA}.Release|x86.Build.0 = Release|Any CPU
		{2078824F-2ABE-46E3-AB2C-9255E3FF834E}.Debug|Any CPU.ActiveCfg = Debug|Any CPU
		{2078824F-2ABE-46E3-AB2C-9255E3FF834E}.Debug|Any CPU.Build.0 = Debug|Any CPU
		{2078824F-2ABE-46E3-AB2C-9255E3FF834E}.Debug|x64.ActiveCfg = Debug|Any CPU
		{2078824F-2ABE-46E3-AB2C-9255E3FF834E}.Debug|x64.Build.0 = Debug|Any CPU
		{2078824F-2ABE-46E3-AB2C-9255E3FF834E}.Debug|x86.ActiveCfg = Debug|Any CPU
		{2078824F-2ABE-46E3-AB2C-9255E3FF834E}.Debug|x86.Build.0 = Debug|Any CPU
		{2078824F-2ABE-46E3-AB2C-9255E3FF834E}.Release|Any CPU.ActiveCfg = Release|Any CPU
		{2078824F-2ABE-46E3-AB2C-9255E3FF834E}.Release|Any CPU.Build.0 = Release|Any CPU
		{2078824F-2ABE-46E3-AB2C-9255E3FF834E}.Release|x64.ActiveCfg = Release|Any CPU
		{2078824F-2ABE-46E3-AB2C-9255E3FF834E}.Release|x64.Build.0 = Release|Any CPU
		{2078824F-2ABE-46E3-AB2C-9255E3FF834E}.Release|x86.ActiveCfg = Release|Any CPU
		{2078824F-2ABE-46E3-AB2C-9255E3FF834E}.Release|x86.Build.0 = Release|Any CPU
		{4BB182C3-A19C-41DC-9A1B-BAA15B233986}.Debug|Any CPU.ActiveCfg = Debug|Any CPU
		{4BB182C3-A19C-41DC-9A1B-BAA15B233986}.Debug|Any CPU.Build.0 = Debug|Any CPU
		{4BB182C3-A19C-41DC-9A1B-BAA15B233986}.Debug|x64.ActiveCfg = Debug|Any CPU
		{4BB182C3-A19C-41DC-9A1B-BAA15B233986}.Debug|x64.Build.0 = Debug|Any CPU
		{4BB182C3-A19C-41DC-9A1B-BAA15B233986}.Debug|x86.ActiveCfg = Debug|Any CPU
		{4BB182C3-A19C-41DC-9A1B-BAA15B233986}.Debug|x86.Build.0 = Debug|Any CPU
		{4BB182C3-A19C-41DC-9A1B-BAA15B233986}.Release|Any CPU.ActiveCfg = Release|Any CPU
		{4BB182C3-A19C-41DC-9A1B-BAA15B233986}.Release|Any CPU.Build.0 = Release|Any CPU
		{4BB182C3-A19C-41DC-9A1B-BAA15B233986}.Release|x64.ActiveCfg = Release|Any CPU
		{4BB182C3-A19C-41DC-9A1B-BAA15B233986}.Release|x64.Build.0 = Release|Any CPU
		{4BB182C3-A19C-41DC-9A1B-BAA15B233986}.Release|x86.ActiveCfg = Release|Any CPU
		{4BB182C3-A19C-41DC-9A1B-BAA15B233986}.Release|x86.Build.0 = Release|Any CPU
	EndGlobalSection
	GlobalSection(SolutionProperties) = preSolution
		HideSolutionNode = FALSE
	EndGlobalSection
	GlobalSection(ExtensibilityGlobals) = postSolution
		SolutionGuid = {C12B382D-E301-4B40-B3DD-C48B792F3BEF}
	EndGlobalSection
EndGlobal
